// !$*UTF8*$!
{
	archiveVersion = 1;
	classes = {
	};
	objectVersion = 56;
	objects = {

/* Begin PBXBuildFile section */
		DF3B253C2951B6DC009C4E04 /* WhoAreUApp.swift in Sources */ = {isa = PBXBuildFile; fileRef = DF3B253B2951B6DC009C4E04 /* WhoAreUApp.swift */; };
		DF3B253E2951B6DC009C4E04 /* ContentView.swift in Sources */ = {isa = PBXBuildFile; fileRef = DF3B253D2951B6DC009C4E04 /* ContentView.swift */; };
		DF3B25402951B6DD009C4E04 /* Assets.xcassets in Resources */ = {isa = PBXBuildFile; fileRef = DF3B253F2951B6DD009C4E04 /* Assets.xcassets */; };
		DF3B25432951B6DD009C4E04 /* Preview Assets.xcassets in Resources */ = {isa = PBXBuildFile; fileRef = DF3B25422951B6DD009C4E04 /* Preview Assets.xcassets */; };
		DF3B254C29545403009C4E04 /* Person.swift in Sources */ = {isa = PBXBuildFile; fileRef = DF3B254B29545403009C4E04 /* Person.swift */; };
		DF3B254E29545438009C4E04 /* PersonModel.swift in Sources */ = {isa = PBXBuildFile; fileRef = DF3B254D29545438009C4E04 /* PersonModel.swift */; };
		DF4B8580295466F9003C48EE /* PersonCollection.swift in Sources */ = {isa = PBXBuildFile; fileRef = DF4B857F295466F9003C48EE /* PersonCollection.swift */; };
		DF4B858329547098003C48EE /* FormView.swift in Sources */ = {isa = PBXBuildFile; fileRef = DF4B858229547098003C48EE /* FormView.swift */; };
		DF4B8587295470E6003C48EE /* FormModel.swift in Sources */ = {isa = PBXBuildFile; fileRef = DF4B8586295470E6003C48EE /* FormModel.swift */; };
		DF63449C295A831C00687B29 /* SubmitBtn.swift in Sources */ = {isa = PBXBuildFile; fileRef = DF63449B295A831C00687B29 /* SubmitBtn.swift */; };
		DF63449E295A896B00687B29 /* RotatingCircle.swift in Sources */ = {isa = PBXBuildFile; fileRef = DF63449D295A896B00687B29 /* RotatingCircle.swift */; };
		DF6344A1295AB21700687B29 /* Extentions.swift in Sources */ = {isa = PBXBuildFile; fileRef = DF6344A0295AB21700687B29 /* Extentions.swift */; };
		DF6344A529629AF400687B29 /* PasswordValidationObj.swift in Sources */ = {isa = PBXBuildFile; fileRef = DF6344A429629AF400687B29 /* PasswordValidationObj.swift */; };
/* End PBXBuildFile section */

/* Begin PBXFileReference section */
		DF3B25382951B6DC009C4E04 /* WhoAreU.app */ = {isa = PBXFileReference; explicitFileType = wrapper.application; includeInIndex = 0; path = WhoAreU.app; sourceTree = BUILT_PRODUCTS_DIR; };
		DF3B253B2951B6DC009C4E04 /* WhoAreUApp.swift */ = {isa = PBXFileReference; lastKnownFileType = sourcecode.swift; path = WhoAreUApp.swift; sourceTree = "<group>"; };
		DF3B253D2951B6DC009C4E04 /* ContentView.swift */ = {isa = PBXFileReference; lastKnownFileType = sourcecode.swift; path = ContentView.swift; sourceTree = "<group>"; };
		DF3B253F2951B6DD009C4E04 /* Assets.xcassets */ = {isa = PBXFileReference; lastKnownFileType = folder.assetcatalog; path = Assets.xcassets; sourceTree = "<group>"; };
		DF3B25422951B6DD009C4E04 /* Preview Assets.xcassets */ = {isa = PBXFileReference; lastKnownFileType = folder.assetcatalog; path = "Preview Assets.xcassets"; sourceTree = "<group>"; };
		DF3B254B29545403009C4E04 /* Person.swift */ = {isa = PBXFileReference; lastKnownFileType = sourcecode.swift; path = Person.swift; sourceTree = "<group>"; };
		DF3B254D29545438009C4E04 /* PersonModel.swift */ = {isa = PBXFileReference; lastKnownFileType = sourcecode.swift; path = PersonModel.swift; sourceTree = "<group>"; };
		DF4B857F295466F9003C48EE /* PersonCollection.swift */ = {isa = PBXFileReference; lastKnownFileType = sourcecode.swift; path = PersonCollection.swift; sourceTree = "<group>"; };
		DF4B858229547098003C48EE /* FormView.swift */ = {isa = PBXFileReference; lastKnownFileType = sourcecode.swift; path = FormView.swift; sourceTree = "<group>"; };
		DF4B8586295470E6003C48EE /* FormModel.swift */ = {isa = PBXFileReference; lastKnownFileType = sourcecode.swift; path = FormModel.swift; sourceTree = "<group>"; };
		DF63449B295A831C00687B29 /* SubmitBtn.swift */ = {isa = PBXFileReference; lastKnownFileType = sourcecode.swift; path = SubmitBtn.swift; sourceTree = "<group>"; };
		DF63449D295A896B00687B29 /* RotatingCircle.swift */ = {isa = PBXFileReference; lastKnownFileType = sourcecode.swift; path = RotatingCircle.swift; sourceTree = "<group>"; };
		DF6344A0295AB21700687B29 /* Extentions.swift */ = {isa = PBXFileReference; lastKnownFileType = sourcecode.swift; path = Extentions.swift; sourceTree = "<group>"; };
		DF6344A429629AF400687B29 /* PasswordValidationObj.swift */ = {isa = PBXFileReference; lastKnownFileType = sourcecode.swift; path = PasswordValidationObj.swift; sourceTree = "<group>"; };
/* End PBXFileReference section */

/* Begin PBXFrameworksBuildPhase section */
		DF3B25352951B6DC009C4E04 /* Frameworks */ = {
			isa = PBXFrameworksBuildPhase;
			buildActionMask = 2147483647;
			files = (
			);
			runOnlyForDeploymentPostprocessing = 0;
		};
/* End PBXFrameworksBuildPhase section */

/* Begin PBXGroup section */
		DF3B252F2951B6DC009C4E04 = {
			isa = PBXGroup;
			children = (
				DF3B253A2951B6DC009C4E04 /* WhoAreU */,
				DF3B25392951B6DC009C4E04 /* Products */,
			);
			sourceTree = "<group>";
		};
		DF3B25392951B6DC009C4E04 /* Products */ = {
			isa = PBXGroup;
			children = (
				DF3B25382951B6DC009C4E04 /* WhoAreU.app */,
			);
			name = Products;
			sourceTree = "<group>";
		};
		DF3B253A2951B6DC009C4E04 /* WhoAreU */ = {
			isa = PBXGroup;
			children = (
				DF63449F295AB1F700687B29 /* SupFiles */,
				DF3B254A29545087009C4E04 /* Model */,
				DF3B254929545076009C4E04 /* Screens */,
				DF3B253B2951B6DC009C4E04 /* WhoAreUApp.swift */,
				DF3B253D2951B6DC009C4E04 /* ContentView.swift */,
				DF3B253F2951B6DD009C4E04 /* Assets.xcassets */,
				DF3B25412951B6DD009C4E04 /* Preview Content */,
			);
			path = WhoAreU;
			sourceTree = "<group>";
		};
		DF3B25412951B6DD009C4E04 /* Preview Content */ = {
			isa = PBXGroup;
			children = (
				DF3B25422951B6DD009C4E04 /* Preview Assets.xcassets */,
			);
			path = "Preview Content";
			sourceTree = "<group>";
		};
		DF3B254929545076009C4E04 /* Screens */ = {
			isa = PBXGroup;
			children = (
				DF3B254B29545403009C4E04 /* Person.swift */,
				DF4B857F295466F9003C48EE /* PersonCollection.swift */,
				DF4B858229547098003C48EE /* FormView.swift */,
				DF63449B295A831C00687B29 /* SubmitBtn.swift */,
				DF63449D295A896B00687B29 /* RotatingCircle.swift */,
			);
			path = Screens;
			sourceTree = "<group>";
		};
		DF3B254A29545087009C4E04 /* Model */ = {
			isa = PBXGroup;
			children = (
				DF3B254D29545438009C4E04 /* PersonModel.swift */,
				DF4B8586295470E6003C48EE /* FormModel.swift */,
			);
			path = Model;
			sourceTree = "<group>";
		};
		DF63449F295AB1F700687B29 /* SupFiles */ = {
			isa = PBXGroup;
			children = (
				DF6344A0295AB21700687B29 /* Extentions.swift */,
				DF6344A429629AF400687B29 /* PasswordValidationObj.swift */,
			);
			path = SupFiles;
			sourceTree = "<group>";
		};
/* End PBXGroup section */

/* Begin PBXNativeTarget section */
		DF3B25372951B6DC009C4E04 /* WhoAreU */ = {
			isa = PBXNativeTarget;
			buildConfigurationList = DF3B25462951B6DD009C4E04 /* Build configuration list for PBXNativeTarget "WhoAreU" */;
			buildPhases = (
				DF3B25342951B6DC009C4E04 /* Sources */,
				DF3B25352951B6DC009C4E04 /* Frameworks */,
				DF3B25362951B6DC009C4E04 /* Resources */,
			);
			buildRules = (
			);
			dependencies = (
			);
			name = WhoAreU;
			productName = WhoAreU;
			productReference = DF3B25382951B6DC009C4E04 /* WhoAreU.app */;
			productType = "com.apple.product-type.application";
		};
/* End PBXNativeTarget section */

/* Begin PBXProject section */
		DF3B25302951B6DC009C4E04 /* Project object */ = {
			isa = PBXProject;
			attributes = {
				BuildIndependentTargetsInParallel = 1;
				LastSwiftUpdateCheck = 1420;
				LastUpgradeCheck = 1420;
				TargetAttributes = {
					DF3B25372951B6DC009C4E04 = {
						CreatedOnToolsVersion = 14.2;
					};
				};
			};
			buildConfigurationList = DF3B25332951B6DC009C4E04 /* Build configuration list for PBXProject "WhoAreU" */;
			compatibilityVersion = "Xcode 14.0";
			developmentRegion = en;
			hasScannedForEncodings = 0;
			knownRegions = (
				en,
				Base,
			);
			mainGroup = DF3B252F2951B6DC009C4E04;
			productRefGroup = DF3B25392951B6DC009C4E04 /* Products */;
			projectDirPath = "";
			projectRoot = "";
			targets = (
				DF3B25372951B6DC009C4E04 /* WhoAreU */,
			);
		};
/* End PBXProject section */

/* Begin PBXResourcesBuildPhase section */
		DF3B25362951B6DC009C4E04 /* Resources */ = {
			isa = PBXResourcesBuildPhase;
			buildActionMask = 2147483647;
			files = (
				DF3B25432951B6DD009C4E04 /* Preview Assets.xcassets in Resources */,
				DF3B25402951B6DD009C4E04 /* Assets.xcassets in Resources */,
			);
			runOnlyForDeploymentPostprocessing = 0;
		};
/* End PBXResourcesBuildPhase section */

/* Begin PBXSourcesBuildPhase section */
		DF3B25342951B6DC009C4E04 /* Sources */ = {
			isa = PBXSourcesBuildPhase;
			buildActionMask = 2147483647;
			files = (
				DF4B8587295470E6003C48EE /* FormModel.swift in Sources */,
				DF63449E295A896B00687B29 /* RotatingCircle.swift in Sources */,
				DF6344A529629AF400687B29 /* PasswordValidationObj.swift in Sources */,
				DF6344A1295AB21700687B29 /* Extentions.swift in Sources */,
				DF3B254E29545438009C4E04 /* PersonModel.swift in Sources */,
				DF63449C295A831C00687B29 /* SubmitBtn.swift in Sources */,
				DF3B254C29545403009C4E04 /* Person.swift in Sources */,
				DF4B8580295466F9003C48EE /* PersonCollection.swift in Sources */,
				DF3B253E2951B6DC009C4E04 /* ContentView.swift in Sources */,
				DF3B253C2951B6DC009C4E04 /* WhoAreUApp.swift in Sources */,
				DF4B858329547098003C48EE /* FormView.swift in Sources */,
			);
			runOnlyForDeploymentPostprocessing = 0;
		};
/* End PBXSourcesBuildPhase section */

/* Begin XCBuildConfiguration section */
		DF3B25442951B6DD009C4E04 /* Debug */ = {
			isa = XCBuildConfiguration;
			buildSettings = {
				ALWAYS_SEARCH_USER_PATHS = NO;
				CLANG_ANALYZER_NONNULL = YES;
				CLANG_ANALYZER_NUMBER_OBJECT_CONVERSION = YES_AGGRESSIVE;
				CLANG_CXX_LANGUAGE_STANDARD = "gnu++20";
				CLANG_ENABLE_MODULES = YES;
				CLANG_ENABLE_OBJC_ARC = YES;
				CLANG_ENABLE_OBJC_WEAK = YES;
				CLANG_WARN_BLOCK_CAPTURE_AUTORELEASING = YES;
				CLANG_WARN_BOOL_CONVERSION = YES;
				CLANG_WARN_COMMA = YES;
				CLANG_WARN_CONSTANT_CONVERSION = YES;
				CLANG_WARN_DEPRECATED_OBJC_IMPLEMENTATIONS = YES;
				CLANG_WARN_DIRECT_OBJC_ISA_USAGE = YES_ERROR;
				CLANG_WARN_DOCUMENTATION_COMMENTS = YES;
				CLANG_WARN_EMPTY_BODY = YES;
				CLANG_WARN_ENUM_CONVERSION = YES;
				CLANG_WARN_INFINITE_RECURSION = YES;
				CLANG_WARN_INT_CONVERSION = YES;
				CLANG_WARN_NON_LITERAL_NULL_CONVERSION = YES;
				CLANG_WARN_OBJC_IMPLICIT_RETAIN_SELF = YES;
				CLANG_WARN_OBJC_LITERAL_CONVERSION = YES;
				CLANG_WARN_OBJC_ROOT_CLASS = YES_ERROR;
				CLANG_WARN_QUOTED_INCLUDE_IN_FRAMEWORK_HEADER = YES;
				CLANG_WARN_RANGE_LOOP_ANALYSIS = YES;
				CLANG_WARN_STRICT_PROTOTYPES = YES;
				CLANG_WARN_SUSPICIOUS_MOVE = YES;
				CLANG_WARN_UNGUARDED_AVAILABILITY = YES_AGGRESSIVE;
				CLANG_WARN_UNREACHABLE_CODE = YES;
				CLANG_WARN__DUPLICATE_METHOD_MATCH = YES;
				COPY_PHASE_STRIP = NO;
				DEBUG_INFORMATION_FORMAT = dwarf;
				ENABLE_STRICT_OBJC_MSGSEND = YES;
				ENABLE_TESTABILITY = YES;
				GCC_C_LANGUAGE_STANDARD = gnu11;
				GCC_DYNAMIC_NO_PIC = NO;
				GCC_NO_COMMON_BLOCKS = YES;
				GCC_OPTIMIZATION_LEVEL = 0;
				GCC_PREPROCESSOR_DEFINITIONS = (
					"DEBUG=1",
					"$(inherited)",
				);
				GCC_WARN_64_TO_32_BIT_CONVERSION = YES;
				GCC_WARN_ABOUT_RETURN_TYPE = YES_ERROR;
				GCC_WARN_UNDECLARED_SELECTOR = YES;
				GCC_WARN_UNINITIALIZED_AUTOS = YES_AGGRESSIVE;
				GCC_WARN_UNUSED_FUNCTION = YES;
				GCC_WARN_UNUSED_VARIABLE = YES;
				IPHONEOS_DEPLOYMENT_TARGET = 16.2;
				MTL_ENABLE_DEBUG_INFO = INCLUDE_SOURCE;
				MTL_FAST_MATH = YES;
				ONLY_ACTIVE_ARCH = YES;
				SDKROOT = iphoneos;
				SWIFT_ACTIVE_COMPILATION_CONDITIONS = DEBUG;
				SWIFT_OPTIMIZATION_LEVEL = "-Onone";
			};
			name = Debug;
		};
		DF3B25452951B6DD009C4E04 /* Release */ = {
			isa = XCBuildConfiguration;
			buildSettings = {
				ALWAYS_SEARCH_USER_PATHS = NO;
				CLANG_ANALYZER_NONNULL = YES;
				CLANG_ANALYZER_NUMBER_OBJECT_CONVERSION = YES_AGGRESSIVE;
				CLANG_CXX_LANGUAGE_STANDARD = "gnu++20";
				CLANG_ENABLE_MODULES = YES;
				CLANG_ENABLE_OBJC_ARC = YES;
				CLANG_ENABLE_OBJC_WEAK = YES;
				CLANG_WARN_BLOCK_CAPTURE_AUTORELEASING = YES;
				CLANG_WARN_BOOL_CONVERSION = YES;
				CLANG_WARN_COMMA = YES;
				CLANG_WARN_CONSTANT_CONVERSION = YES;
				CLANG_WARN_DEPRECATED_OBJC_IMPLEMENTATIONS = YES;
				CLANG_WARN_DIRECT_OBJC_ISA_USAGE = YES_ERROR;
				CLANG_WARN_DOCUMENTATION_COMMENTS = YES;
				CLANG_WARN_EMPTY_BODY = YES;
				CLANG_WARN_ENUM_CONVERSION = YES;
				CLANG_WARN_INFINITE_RECURSION = YES;
				CLANG_WARN_INT_CONVERSION = YES;
				CLANG_WARN_NON_LITERAL_NULL_CONVERSION = YES;
				CLANG_WARN_OBJC_IMPLICIT_RETAIN_SELF = YES;
				CLANG_WARN_OBJC_LITERAL_CONVERSION = YES;
				CLANG_WARN_OBJC_ROOT_CLASS = YES_ERROR;
				CLANG_WARN_QUOTED_INCLUDE_IN_FRAMEWORK_HEADER = YES;
				CLANG_WARN_RANGE_LOOP_ANALYSIS = YES;
				CLANG_WARN_STRICT_PROTOTYPES = YES;
				CLANG_WARN_SUSPICIOUS_MOVE = YES;
				CLANG_WARN_UNGUARDED_AVAILABILITY = YES_AGGRESSIVE;
				CLANG_WARN_UNREACHABLE_CODE = YES;
				CLANG_WARN__DUPLICATE_METHOD_MATCH = YES;
				COPY_PHASE_STRIP = NO;
				DEBUG_INFORMATION_FORMAT = "dwarf-with-dsym";
				ENABLE_NS_ASSERTIONS = NO;
				ENABLE_STRICT_OBJC_MSGSEND = YES;
				GCC_C_LANGUAGE_STANDARD = gnu11;
				GCC_NO_COMMON_BLOCKS = YES;
				GCC_WARN_64_TO_32_BIT_CONVERSION = YES;
				GCC_WARN_ABOUT_RETURN_TYPE = YES_ERROR;
				GCC_WARN_UNDECLARED_SELECTOR = YES;
				GCC_WARN_UNINITIALIZED_AUTOS = YES_AGGRESSIVE;
				GCC_WARN_UNUSED_FUNCTION = YES;
				GCC_WARN_UNUSED_VARIABLE = YES;
				IPHONEOS_DEPLOYMENT_TARGET = 16.2;
				MTL_ENABLE_DEBUG_INFO = NO;
				MTL_FAST_MATH = YES;
				SDKROOT = iphoneos;
				SWIFT_COMPILATION_MODE = wholemodule;
				SWIFT_OPTIMIZATION_LEVEL = "-O";
				VALIDATE_PRODUCT = YES;
			};
			name = Release;
		};
		DF3B25472951B6DD009C4E04 /* Debug */ = {
			isa = XCBuildConfiguration;
			buildSettings = {
				ASSETCATALOG_COMPILER_APPICON_NAME = AppIcon;
				ASSETCATALOG_COMPILER_GLOBAL_ACCENT_COLOR_NAME = AccentColor;
				CODE_SIGN_STYLE = Automatic;
				CURRENT_PROJECT_VERSION = 1;
				DEVELOPMENT_ASSET_PATHS = "\"WhoAreU/Preview Content\"";
				DEVELOPMENT_TEAM = ZY9DNBTZ6S;
				ENABLE_PREVIEWS = YES;
				GENERATE_INFOPLIST_FILE = YES;
				INFOPLIST_KEY_UIApplicationSceneManifest_Generation = YES;
				INFOPLIST_KEY_UIApplicationSupportsIndirectInputEvents = YES;
				INFOPLIST_KEY_UILaunchScreen_Generation = YES;
				INFOPLIST_KEY_UISupportedInterfaceOrientations_iPad = "UIInterfaceOrientationPortrait UIInterfaceOrientationPortraitUpsideDown UIInterfaceOrientationLandscapeLeft UIInterfaceOrientationLandscapeRight";
				INFOPLIST_KEY_UISupportedInterfaceOrientations_iPhone = "UIInterfaceOrientationPortrait UIInterfaceOrientationLandscapeLeft UIInterfaceOrientationLandscapeRight";
				IPHONEOS_DEPLOYMENT_TARGET = 16.2;
				LD_RUNPATH_SEARCH_PATHS = (
					"$(inherited)",
					"@executable_path/Frameworks",
				);
				MARKETING_VERSION = 1.0;
				PRODUCT_BUNDLE_IDENTIFIER = com.jadson.WhoAreU;
				PRODUCT_NAME = "$(TARGET_NAME)";
				SWIFT_EMIT_LOC_STRINGS = YES;
				SWIFT_VERSION = 5.0;
				TARGETED_DEVICE_FAMILY = "1,2";
			};
			name = Debug;
		};
		DF3B25482951B6DD009C4E04 /* Release */ = {
			isa = XCBuildConfiguration;
			buildSettings = {
				ASSETCATALOG_COMPILER_APPICON_NAME = AppIcon;
				ASSETCATALOG_COMPILER_GLOBAL_ACCENT_COLOR_NAME = AccentColor;
				CODE_SIGN_STYLE = Automatic;
				CURRENT_PROJECT_VERSION = 1;
				DEVELOPMENT_ASSET_PATHS = "\"WhoAreU/Preview Content\"";
				DEVELOPMENT_TEAM = ZY9DNBTZ6S;
				ENABLE_PREVIEWS = YES;
				GENERATE_INFOPLIST_FILE = YES;
				INFOPLIST_KEY_UIApplicationSceneManifest_Generation = YES;
				INFOPLIST_KEY_UIApplicationSupportsIndirectInputEvents = YES;
				INFOPLIST_KEY_UILaunchScreen_Generation = YES;
				INFOPLIST_KEY_UISupportedInterfaceOrientations_iPad = "UIInterfaceOrientationPortrait UIInterfaceOrientationPortraitUpsideDown UIInterfaceOrientationLandscapeLeft UIInterfaceOrientationLandscapeRight";
				INFOPLIST_KEY_UISupportedInterfaceOrientations_iPhone = "UIInterfaceOrientationPortrait UIInterfaceOrientationLandscapeLeft UIInterfaceOrientationLandscapeRight";
				IPHONEOS_DEPLOYMENT_TARGET = 16.2;
				LD_RUNPATH_SEARCH_PATHS = (
					"$(inherited)",
					"@executable_path/Frameworks",
				);
				MARKETING_VERSION = 1.0;
				PRODUCT_BUNDLE_IDENTIFIER = com.jadson.WhoAreU;
				PRODUCT_NAME = "$(TARGET_NAME)";
				SWIFT_EMIT_LOC_STRINGS = YES;
				SWIFT_VERSION = 5.0;
				TARGETED_DEVICE_FAMILY = "1,2";
			};
			name = Release;
		};
/* End XCBuildConfiguration section */

/* Begin XCConfigurationList section */
		DF3B25332951B6DC009C4E04 /* Build configuration list for PBXProject "WhoAreU" */ = {
			isa = XCConfigurationList;
			buildConfigurations = (
				DF3B25442951B6DD009C4E04 /* Debug */,
				DF3B25452951B6DD009C4E04 /* Release */,
			);
			defaultConfigurationIsVisible = 0;
			defaultConfigurationName = Release;
		};
		DF3B25462951B6DD009C4E04 /* Build configuration list for PBXNativeTarget "WhoAreU" */ = {
			isa = XCConfigurationList;
			buildConfigurations = (
				DF3B25472951B6DD009C4E04 /* Debug */,
				DF3B25482951B6DD009C4E04 /* Release */,
			);
			defaultConfigurationIsVisible = 0;
			defaultConfigurationName = Release;
		};
/* End XCConfigurationList section */
	};
	rootObject = DF3B25302951B6DC009C4E04 /* Project object */;
}
